github.com/cbergoon/merkletree v0.2.0 h1:Bttqr3OuoiZEo4ed1L7fTasHka9II+BF9fhBfbNEEoQ=
github.com/cbergoon/merkletree v0.2.0/go.mod h1:5c15eckUgiucMGDOCanvalj/yJnD+KAZj1qyJtRW5aM=
github.com/celestiaorg/smt v0.3.0 h1:Hc6m8fIVRajrg/Saf8ivX4xw551LHzOs8kqeadd6h9s=
github.com/celestiaorg/smt v0.3.0/go.mod h1:/sdYDakowo/XaxS2Fl7CBqtuf/O2uTqF2zmAUFAtAiw=
github.com/iden3/go-iden3-crypto v0.0.16 h1:zN867xiz6HgErXVIV/6WyteGcOukE9gybYTorBMEdsk=
github.com/iden3/go-iden3-crypto v0.0.16/go.mod h1:dLpM4vEPJ3nDHzhWFXDjzkn1qHoBeOT/3UEhXsEsP3E=
github.com/pkg/errors v0.9.1 h1:FEBLx1zS214owpjy7qsBeixbURkuhQAwrK5UwLGTwt4=
github.com/pkg/errors v0.9.1/go.mod h1:bwawxfHBFNV+L2hUp1rHADufV3IMtnDRdf1r5NINEl0=
github.com/txaty/go-merkletree v0.2.2 h1:K5bHDFK+Q3KK+gEJeyTOECKuIwl/LVo4CI+cm0/p34g=
github.com/txaty/go-merkletree v0.2.2/go.mod h1:w5HPEu7ubNw5LzS+91m+1/GtuZcWHKiPU3vEGi+ThJM=
github.com/wealdtech/go-merkletree/v2 v2.6.1 h1:EKrzJep7JXHk1bYQAHtEcBvScqW1xgI86aF5y6iPAm0=
github.com/wealdtech/go-merkletree/v2 v2.6.1/go.mod h1:Ooz0/mhs/XF1iYfbowRawrkAI56YYZ+oUl5Dw2Tlnjk=
golang.org/x/crypto v0.23.0 h1:dIJU/v2J8Mdglj/8rJ6UUOM3Zc9zLZxVZwwxMooUSAI=
golang.org/x/crypto v0.23.0/go.mod h1:CKFgDieR+mRhux2Lsu27y0fO304Db0wZe70UKqHu0v8=
golang.org/x/crypto v0.48.0 h1:/VRzVqiRSggnhY7gNRxPauEQ5Drw9haKdM0jqfcCFts=
golang.org/x/crypto v0.48.0/go.mod h1:r0kV5h3qnFPlQnBSrULhlsRfryS2pmewsg+XfMgkVos=
golang.org/x/sync v0.5.0 h1:60k92dhOjHxJkrqnwsfl8KuaHbn/5dl0lUPUklKo3qE=
golang.org/x/sync v0.5.0/go.mod h1:Czt+wKu1gCyEFDUtn0jG5QVvpJ6rzVqr5aXyt9drQfk=
golang.org/x/sys v0.20.0 h1:Od9JTbYCk261bKm4M/mw7AklTlFYIa0bIp9BgSm1S8Y=
golang.org/x/sys v0.20.0/go.mod h1:/VUhepiaJMQUp4+oa/7Zr1D23ma6VTLIYjOOTFZPUcA=
golang.org/x/sys v0.41.0 h1:Ivj+2Cp/ylzLiEU89QhWblYnOE9zerudt9Ftecq2C6k=
golang.org/x/sys v0.41.0/go.mod h1:OgkHotnGiDImocRcuBABYBEXf8A9a87e/uXjp9XT3ks=
