github.com/agiledragon/gomonkey/v2 v2.11.0 h1:5oxSgA+tC1xuGsrIorR+sYiziYltmJyEZ9qA25b6l5U=
github.com/agiledragon/gomonkey/v2 v2.11.0/go.mod h1:ap1AmDzcVOAz1YpeJ3TCzIgstoaWLA6jbbgxfB4w2iY=
github.com/celestiaorg/smt v0.3.0 h1:Hc6m8fIVRajrg/Saf8ivX4xw551LHzOs8kqeadd6h9s=
github.com/celestiaorg/smt v0.3.0/go.mod h1:/sdYDakowo/XaxS2Fl7CBqtuf/O2uTqF2zmAUFAtAiw=
github.com/google/go-cmp v0.5.9 h1:O2Tfq5qg4qc4AmwVlvv0oLiVAGB7enBSJ2x2DqQFi38=
github.com/google/go-cmp v0.5.9/go.mod h1:17dUlkBOakJ0+DkrSSNjCkIjxS6bF9zb3elmeNGIjoY=
github.com/transparency-dev/merkle v0.0.2 h1:Q9nBoQcZcgPamMkGn7ghV8XiTZ/kRxn1yCG81+twTK4=
github.com/transparency-dev/merkle v0.0.2/go.mod h1:pqSy+OXefQ1EDUVmAJ8MUhHB9TXGuzVAT58PqBoHz1A=
github.com/txaty/go-merkletree v0.2.2 h1:K5bHDFK+Q3KK+gEJeyTOECKuIwl/LVo4CI+cm0/p34g=
github.com/txaty/go-merkletree v0.2.2/go.mod h1:w5HPEu7ubNw5LzS+91m+1/GtuZcWHKiPU3vEGi+ThJM=
golang.org/x/sync v0.5.0 h1:60k92dhOjHxJkrqnwsfl8KuaHbn/5dl0lUPUklKo3qE=
golang.org/x/sync v0.5.0/go.mod h1:Czt+wKu1gCyEFDUtn0jG5QVvpJ6rzVqr5aXyt9drQfk=
